
Microsoft Visual Studio Solution File, Format Version 12.00
# Visual Studio Version 17
VisualStudioVersion = 17.1.32414.318
MinimumVisualStudioVersion = 10.0.40219.1
Project("{FAE04EC0-301F-11D3-BF4B-00C04F79EFBC}") = "TaskNowSoftware", "TaskNowSoftware.csproj", "{D5BE987D-10C2-478E-A5C7-C83C07C83D04}"
EndProject
Global
	GlobalSection(SolutionConfigurationPlatforms) = preSolution
		Debug|Any CPU = Debug|Any CPU
		Release|Any CPU = Release|Any CPU
	EndGlobalSection
	GlobalSection(ProjectConfigurationPlatforms) = postSolution
		{D5BE987D-10C2-478E-A5C7-C83C07C83D04}.Debug|Any CPU.ActiveCfg = Debug|Any CPU
		{D5BE987D-10C2-478E-A5C7-C83C07C83D04}.Debug|Any CPU.Build.0 = Debug|Any CPU
		{D5BE987D-10C2-478E-A5C7-C83C07C83D04}.Release|Any CPU.ActiveCfg = Release|Any CPU
		{D5BE987D-10C2-478E-A5C7-C83C07C83D04}.Release|Any CPU.Build.0 = Release|Any CPU
	EndGlobalSection
	GlobalSection(SolutionProperties) = preSolution
		HideSolutionNode = FALSE
	EndGlobalSection
	GlobalSection(ExtensibilityGlobals) = postSolution
		SolutionGuid = {6F2CA51F-53F1-4AA5-8AE7-FF046554A752}
	EndGlobalSection
EndGlobal
